
Microsoft Visual Studio Solution File, Format Version 12.00
# Visual Studio 2015
Project("{FAE04EC0-301F-11D3-BF4B-00C04F79EFBC}") = "spaceplatformer", "spaceplatformer.csproj", "{9E7A7368-FC5D-2432-6CE5-A2C536FFB400}"
EndProject
Global
	GlobalSection(SolutionConfigurationPlatforms) = preSolution
		Debug|Any CPU = Debug|Any CPU
		Release|Any CPU = Release|Any CPU
	EndGlobalSection
	GlobalSection(ProjectConfigurationPlatforms) = postSolution
		{9E7A7368-FC5D-2432-6CE5-A2C536FFB400}.Debug|Any CPU.ActiveCfg = Debug|Any CPU
		{9E7A7368-FC5D-2432-6CE5-A2C536FFB400}.Debug|Any CPU.Build.0 = Debug|Any CPU
		{9E7A7368-FC5D-2432-6CE5-A2C536FFB400}.Release|Any CPU.ActiveCfg = Release|Any CPU
		{9E7A7368-FC5D-2432-6CE5-A2C536FFB400}.Release|Any CPU.Build.0 = Release|Any CPU
	EndGlobalSection
	GlobalSection(SolutionProperties) = preSolution
		HideSolutionNode = FALSE
	EndGlobalSection
EndGlobal
